// !$*UTF8*$!
{
	archiveVersion = 1;
	classes = {
	};
	objectVersion = 55;
	objects = {

/* Begin PBXBuildFile section */
		D14B14A92820F6750084CF09 /* AppDelegate.swift in Sources */ = {isa = PBXBuildFile; fileRef = D14B14A82820F6750084CF09 /* AppDelegate.swift */; };
		D14B14AB2820F6750084CF09 /* SceneDelegate.swift in Sources */ = {isa = PBXBuildFile; fileRef = D14B14AA2820F6750084CF09 /* SceneDelegate.swift */; };
		D14B14AD2820F6750084CF09 /* MainTabBarViewController.swift in Sources */ = {isa = PBXBuildFile; fileRef = D14B14AC2820F6750084CF09 /* MainTabBarViewController.swift */; };
		D14B14B22820F6750084CF09 /* Assets.xcassets in Resources */ = {isa = PBXBuildFile; fileRef = D14B14B12820F6750084CF09 /* Assets.xcassets */; };
		D14B14B52820F6750084CF09 /* LaunchScreen.storyboard in Resources */ = {isa = PBXBuildFile; fileRef = D14B14B32820F6750084CF09 /* LaunchScreen.storyboard */; };
		D14B14BD2820F8210084CF09 /* WishingViewController.swift in Sources */ = {isa = PBXBuildFile; fileRef = D14B14BC2820F8210084CF09 /* WishingViewController.swift */; };
		D14B14BF2820F8410084CF09 /* DidViewController.swift in Sources */ = {isa = PBXBuildFile; fileRef = D14B14BE2820F8410084CF09 /* DidViewController.swift */; };
		D14B14C12820F8D10084CF09 /* DidTableViewCell.swift in Sources */ = {isa = PBXBuildFile; fileRef = D14B14C02820F8D10084CF09 /* DidTableViewCell.swift */; };
/* End PBXBuildFile section */

/* Begin PBXFileReference section */
		D14B14A52820F6750084CF09 /* JJWBirthdayWishes.app */ = {isa = PBXFileReference; explicitFileType = wrapper.application; includeInIndex = 0; path = JJWBirthdayWishes.app; sourceTree = BUILT_PRODUCTS_DIR; };
		D14B14A82820F6750084CF09 /* AppDelegate.swift */ = {isa = PBXFileReference; lastKnownFileType = sourcecode.swift; path = AppDelegate.swift; sourceTree = "<group>"; };
		D14B14AA2820F6750084CF09 /* SceneDelegate.swift */ = {isa = PBXFileReference; lastKnownFileType = sourcecode.swift; path = SceneDelegate.swift; sourceTree = "<group>"; };
		D14B14AC2820F6750084CF09 /* MainTabBarViewController.swift */ = {isa = PBXFileReference; lastKnownFileType = sourcecode.swift; path = MainTabBarViewController.swift; sourceTree = "<group>"; };
		D14B14B12820F6750084CF09 /* Assets.xcassets */ = {isa = PBXFileReference; lastKnownFileType = folder.assetcatalog; path = Assets.xcassets; sourceTree = "<group>"; };
		D14B14B42820F6750084CF09 /* Base */ = {isa = PBXFileReference; lastKnownFileType = file.storyboard; name = Base; path = Base.lproj/LaunchScreen.storyboard; sourceTree = "<group>"; };
		D14B14B62820F6750084CF09 /* Info.plist */ = {isa = PBXFileReference; lastKnownFileType = text.plist.xml; path = Info.plist; sourceTree = "<group>"; };
		D14B14BC2820F8210084CF09 /* WishingViewController.swift */ = {isa = PBXFileReference; lastKnownFileType = sourcecode.swift; path = WishingViewController.swift; sourceTree = "<group>"; };
		D14B14BE2820F8410084CF09 /* DidViewController.swift */ = {isa = PBXFileReference; lastKnownFileType = sourcecode.swift; path = DidViewController.swift; sourceTree = "<group>"; };
		D14B14C02820F8D10084CF09 /* DidTableViewCell.swift */ = {isa = PBXFileReference; lastKnownFileType = sourcecode.swift; path = DidTableViewCell.swift; sourceTree = "<group>"; };
/* End PBXFileReference section */

/* Begin PBXFrameworksBuildPhase section */
		D14B14A22820F6750084CF09 /* Frameworks */ = {
			isa = PBXFrameworksBuildPhase;
			buildActionMask = 2147483647;
			files = (
			);
			runOnlyForDeploymentPostprocessing = 0;
		};
/* End PBXFrameworksBuildPhase section */

/* Begin PBXGroup section */
		D14B149C2820F6750084CF09 = {
			isa = PBXGroup;
			children = (
				D14B14A72820F6750084CF09 /* JJWBirthdayWishes */,
				D14B14A62820F6750084CF09 /* Products */,
			);
			sourceTree = "<group>";
		};
		D14B14A62820F6750084CF09 /* Products */ = {
			isa = PBXGroup;
			children = (
				D14B14A52820F6750084CF09 /* JJWBirthdayWishes.app */,
			);
			name = Products;
			sourceTree = "<group>";
		};
		D14B14A72820F6750084CF09 /* JJWBirthdayWishes */ = {
			isa = PBXGroup;
			children = (
				D14B14C32820F9040084CF09 /* Cell */,
				D14B14C22820F8F00084CF09 /* View Controller */,
				D14B14A82820F6750084CF09 /* AppDelegate.swift */,
				D14B14AA2820F6750084CF09 /* SceneDelegate.swift */,
				D14B14B12820F6750084CF09 /* Assets.xcassets */,
				D14B14B32820F6750084CF09 /* LaunchScreen.storyboard */,
				D14B14B62820F6750084CF09 /* Info.plist */,
			);
			path = JJWBirthdayWishes;
			sourceTree = "<group>";
		};
		D14B14C22820F8F00084CF09 /* View Controller */ = {
			isa = PBXGroup;
			children = (
				D14B14AC2820F6750084CF09 /* MainTabBarViewController.swift */,
				D14B14BE2820F8410084CF09 /* DidViewController.swift */,
				D14B14BC2820F8210084CF09 /* WishingViewController.swift */,
			);
			path = "View Controller";
			sourceTree = "<group>";
		};
		D14B14C32820F9040084CF09 /* Cell */ = {
			isa = PBXGroup;
			children = (
				D14B14C02820F8D10084CF09 /* DidTableViewCell.swift */,
			);
			path = Cell;
			sourceTree = "<group>";
		};
/* End PBXGroup section */

/* Begin PBXNativeTarget section */
		D14B14A42820F6750084CF09 /* JJWBirthdayWishes */ = {
			isa = PBXNativeTarget;
			buildConfigurationList = D14B14B92820F6750084CF09 /* Build configuration list for PBXNativeTarget "JJWBirthdayWishes" */;
			buildPhases = (
				D14B14A12820F6750084CF09 /* Sources */,
				D14B14A22820F6750084CF09 /* Frameworks */,
				D14B14A32820F6750084CF09 /* Resources */,
			);
			buildRules = (
			);
			dependencies = (
			);
			name = JJWBirthdayWishes;
			productName = JJWBirthdayWishes;
			productReference = D14B14A52820F6750084CF09 /* JJWBirthdayWishes.app */;
			productType = "com.apple.product-type.application";
		};
/* End PBXNativeTarget section */

/* Begin PBXProject section */
		D14B149D2820F6750084CF09 /* Project object */ = {
			isa = PBXProject;
			attributes = {
				BuildIndependentTargetsInParallel = 1;
				LastSwiftUpdateCheck = 1310;
				LastUpgradeCheck = 1310;
				TargetAttributes = {
					D14B14A42820F6750084CF09 = {
						CreatedOnToolsVersion = 13.1;
					};
				};
			};
			buildConfigurationList = D14B14A02820F6750084CF09 /* Build configuration list for PBXProject "JJWBirthdayWishes" */;
			compatibilityVersion = "Xcode 13.0";
			developmentRegion = en;
			hasScannedForEncodings = 0;
			knownRegions = (
				en,
				Base,
			);
			mainGroup = D14B149C2820F6750084CF09;
			productRefGroup = D14B14A62820F6750084CF09 /* Products */;
			projectDirPath = "";
			projectRoot = "";
			targets = (
				D14B14A42820F6750084CF09 /* JJWBirthdayWishes */,
			);
		};
/* End PBXProject section */

/* Begin PBXResourcesBuildPhase section */
		D14B14A32820F6750084CF09 /* Resources */ = {
			isa = PBXResourcesBuildPhase;
			buildActionMask = 2147483647;
			files = (
				D14B14B52820F6750084CF09 /* LaunchScreen.storyboard in Resources */,
				D14B14B22820F6750084CF09 /* Assets.xcassets in Resources */,
			);
			runOnlyForDeploymentPostprocessing = 0;
		};
/* End PBXResourcesBuildPhase section */

/* Begin PBXSourcesBuildPhase section */
		D14B14A12820F6750084CF09 /* Sources */ = {
			isa = PBXSourcesBuildPhase;
			buildActionMask = 2147483647;
			files = (
				D14B14BF2820F8410084CF09 /* DidViewController.swift in Sources */,
				D14B14C12820F8D10084CF09 /* DidTableViewCell.swift in Sources */,
				D14B14AD2820F6750084CF09 /* MainTabBarViewController.swift in Sources */,
				D14B14A92820F6750084CF09 /* AppDelegate.swift in Sources */,
				D14B14BD2820F8210084CF09 /* WishingViewController.swift in Sources */,
				D14B14AB2820F6750084CF09 /* SceneDelegate.swift in Sources */,
			);
			runOnlyForDeploymentPostprocessing = 0;
		};
/* End PBXSourcesBuildPhase section */

/* Begin PBXVariantGroup section */
		D14B14B32820F6750084CF09 /* LaunchScreen.storyboard */ = {
			isa = PBXVariantGroup;
			children = (
				D14B14B42820F6750084CF09 /* Base */,
			);
			name = LaunchScreen.storyboard;
			sourceTree = "<group>";
		};
/* End PBXVariantGroup section */

/* Begin XCBuildConfiguration section */
		D14B14B72820F6750084CF09 /* Debug */ = {
			isa = XCBuildConfiguration;
			buildSettings = {
				ALWAYS_SEARCH_USER_PATHS = NO;
				CLANG_ANALYZER_NONNULL = YES;
				CLANG_ANALYZER_NUMBER_OBJECT_CONVERSION = YES_AGGRESSIVE;
				CLANG_CXX_LANGUAGE_STANDARD = "gnu++17";
				CLANG_CXX_LIBRARY = "libc++";
				CLANG_ENABLE_MODULES = YES;
				CLANG_ENABLE_OBJC_ARC = YES;
				CLANG_ENABLE_OBJC_WEAK = YES;
				CLANG_WARN_BLOCK_CAPTURE_AUTORELEASING = YES;
				CLANG_WARN_BOOL_CONVERSION = YES;
				CLANG_WARN_COMMA = YES;
				CLANG_WARN_CONSTANT_CONVERSION = YES;
				CLANG_WARN_DEPRECATED_OBJC_IMPLEMENTATIONS = YES;
				CLANG_WARN_DIRECT_OBJC_ISA_USAGE = YES_ERROR;
				CLANG_WARN_DOCUMENTATION_COMMENTS = YES;
				CLANG_WARN_EMPTY_BODY = YES;
				CLANG_WARN_ENUM_CONVERSION = YES;
				CLANG_WARN_INFINITE_RECURSION = YES;
				CLANG_WARN_INT_CONVERSION = YES;
				CLANG_WARN_NON_LITERAL_NULL_CONVERSION = YES;
				CLANG_WARN_OBJC_IMPLICIT_RETAIN_SELF = YES;
				CLANG_WARN_OBJC_LITERAL_CONVERSION = YES;
				CLANG_WARN_OBJC_ROOT_CLASS = YES_ERROR;
				CLANG_WARN_QUOTED_INCLUDE_IN_FRAMEWORK_HEADER = YES;
				CLANG_WARN_RANGE_LOOP_ANALYSIS = YES;
				CLANG_WARN_STRICT_PROTOTYPES = YES;
				CLANG_WARN_SUSPICIOUS_MOVE = YES;
				CLANG_WARN_UNGUARDED_AVAILABILITY = YES_AGGRESSIVE;
				CLANG_WARN_UNREACHABLE_CODE = YES;
				CLANG_WARN__DUPLICATE_METHOD_MATCH = YES;
				COPY_PHASE_STRIP = NO;
				DEBUG_INFORMATION_FORMAT = dwarf;
				ENABLE_STRICT_OBJC_MSGSEND = YES;
				ENABLE_TESTABILITY = YES;
				GCC_C_LANGUAGE_STANDARD = gnu11;
				GCC_DYNAMIC_NO_PIC = NO;
				GCC_NO_COMMON_BLOCKS = YES;
				GCC_OPTIMIZATION_LEVEL = 0;
				GCC_PREPROCESSOR_DEFINITIONS = (
					"DEBUG=1",
					"$(inherited)",
				);
				GCC_WARN_64_TO_32_BIT_CONVERSION = YES;
				GCC_WARN_ABOUT_RETURN_TYPE = YES_ERROR;
				GCC_WARN_UNDECLARED_SELECTOR = YES;
				GCC_WARN_UNINITIALIZED_AUTOS = YES_AGGRESSIVE;
				GCC_WARN_UNUSED_FUNCTION = YES;
				GCC_WARN_UNUSED_VARIABLE = YES;
				IPHONEOS_DEPLOYMENT_TARGET = 15.0;
				MTL_ENABLE_DEBUG_INFO = INCLUDE_SOURCE;
				MTL_FAST_MATH = YES;
				ONLY_ACTIVE_ARCH = YES;
				SDKROOT = iphoneos;
				SWIFT_ACTIVE_COMPILATION_CONDITIONS = DEBUG;
				SWIFT_OPTIMIZATION_LEVEL = "-Onone";
			};
			name = Debug;
		};
		D14B14B82820F6750084CF09 /* Release */ = {
			isa = XCBuildConfiguration;
			buildSettings = {
				ALWAYS_SEARCH_USER_PATHS = NO;
				CLANG_ANALYZER_NONNULL = YES;
				CLANG_ANALYZER_NUMBER_OBJECT_CONVERSION = YES_AGGRESSIVE;
				CLANG_CXX_LANGUAGE_STANDARD = "gnu++17";
				CLANG_CXX_LIBRARY = "libc++";
				CLANG_ENABLE_MODULES = YES;
				CLANG_ENABLE_OBJC_ARC = YES;
				CLANG_ENABLE_OBJC_WEAK = YES;
				CLANG_WARN_BLOCK_CAPTURE_AUTORELEASING = YES;
				CLANG_WARN_BOOL_CONVERSION = YES;
				CLANG_WARN_COMMA = YES;
				CLANG_WARN_CONSTANT_CONVERSION = YES;
				CLANG_WARN_DEPRECATED_OBJC_IMPLEMENTATIONS = YES;
				CLANG_WARN_DIRECT_OBJC_ISA_USAGE = YES_ERROR;
				CLANG_WARN_DOCUMENTATION_COMMENTS = YES;
				CLANG_WARN_EMPTY_BODY = YES;
				CLANG_WARN_ENUM_CONVERSION = YES;
				CLANG_WARN_INFINITE_RECURSION = YES;
				CLANG_WARN_INT_CONVERSION = YES;
				CLANG_WARN_NON_LITERAL_NULL_CONVERSION = YES;
				CLANG_WARN_OBJC_IMPLICIT_RETAIN_SELF = YES;
				CLANG_WARN_OBJC_LITERAL_CONVERSION = YES;
				CLANG_WARN_OBJC_ROOT_CLASS = YES_ERROR;
				CLANG_WARN_QUOTED_INCLUDE_IN_FRAMEWORK_HEADER = YES;
				CLANG_WARN_RANGE_LOOP_ANALYSIS = YES;
				CLANG_WARN_STRICT_PROTOTYPES = YES;
				CLANG_WARN_SUSPICIOUS_MOVE = YES;
				CLANG_WARN_UNGUARDED_AVAILABILITY = YES_AGGRESSIVE;
				CLANG_WARN_UNREACHABLE_CODE = YES;
				CLANG_WARN__DUPLICATE_METHOD_MATCH = YES;
				COPY_PHASE_STRIP = NO;
				DEBUG_INFORMATION_FORMAT = "dwarf-with-dsym";
				ENABLE_NS_ASSERTIONS = NO;
				ENABLE_STRICT_OBJC_MSGSEND = YES;
				GCC_C_LANGUAGE_STANDARD = gnu11;
				GCC_NO_COMMON_BLOCKS = YES;
				GCC_WARN_64_TO_32_BIT_CONVERSION = YES;
				GCC_WARN_ABOUT_RETURN_TYPE = YES_ERROR;
				GCC_WARN_UNDECLARED_SELECTOR = YES;
				GCC_WARN_UNINITIALIZED_AUTOS = YES_AGGRESSIVE;
				GCC_WARN_UNUSED_FUNCTION = YES;
				GCC_WARN_UNUSED_VARIABLE = YES;
				IPHONEOS_DEPLOYMENT_TARGET = 15.0;
				MTL_ENABLE_DEBUG_INFO = NO;
				MTL_FAST_MATH = YES;
				SDKROOT = iphoneos;
				SWIFT_COMPILATION_MODE = wholemodule;
				SWIFT_OPTIMIZATION_LEVEL = "-O";
				VALIDATE_PRODUCT = YES;
			};
			name = Release;
		};
		D14B14BA2820F6750084CF09 /* Debug */ = {
			isa = XCBuildConfiguration;
			buildSettings = {
				ASSETCATALOG_COMPILER_APPICON_NAME = AppIcon;
				ASSETCATALOG_COMPILER_GLOBAL_ACCENT_COLOR_NAME = AccentColor;
				CODE_SIGN_STYLE = Automatic;
				CURRENT_PROJECT_VERSION = 1;
				DEVELOPMENT_TEAM = W3CHGH63KV;
				GENERATE_INFOPLIST_FILE = YES;
				IBSC_FLATTEN_NIBS = NO;
				INFOPLIST_FILE = JJWBirthdayWishes/Info.plist;
				INFOPLIST_KEY_UIApplicationSupportsIndirectInputEvents = YES;
				INFOPLIST_KEY_UILaunchStoryboardName = LaunchScreen;
				INFOPLIST_KEY_UISupportedInterfaceOrientations_iPad = "UIInterfaceOrientationPortrait UIInterfaceOrientationPortraitUpsideDown UIInterfaceOrientationLandscapeLeft UIInterfaceOrientationLandscapeRight";
				INFOPLIST_KEY_UISupportedInterfaceOrientations_iPhone = "UIInterfaceOrientationPortrait UIInterfaceOrientationLandscapeLeft UIInterfaceOrientationLandscapeRight";
				LD_NO_PIE = NO;
				LD_RUNPATH_SEARCH_PATHS = (
					"$(inherited)",
					"@executable_path/Frameworks",
				);
				MARKETING_VERSION = 1.0;
				PRODUCT_BUNDLE_IDENTIFIER = Wangjie3119004841.JJWBirthdayWishes;
				PRODUCT_NAME = "$(TARGET_NAME)";
				SWIFT_EMIT_LOC_STRINGS = YES;
				SWIFT_VERSION = 5.0;
				TARGETED_DEVICE_FAMILY = "1,2";
			};
			name = Debug;
		};
		D14B14BB2820F6750084CF09 /* Release */ = {
			isa = XCBuildConfiguration;
			buildSettings = {
				ASSETCATALOG_COMPILER_APPICON_NAME = AppIcon;
				ASSETCATALOG_COMPILER_GLOBAL_ACCENT_COLOR_NAME = AccentColor;
				CODE_SIGN_STYLE = Automatic;
				CURRENT_PROJECT_VERSION = 1;
				DEVELOPMENT_TEAM = W3CHGH63KV;
				GENERATE_INFOPLIST_FILE = YES;
				IBSC_FLATTEN_NIBS = NO;
				INFOPLIST_FILE = JJWBirthdayWishes/Info.plist;
				INFOPLIST_KEY_UIApplicationSupportsIndirectInputEvents = YES;
				INFOPLIST_KEY_UILaunchStoryboardName = LaunchScreen;
				INFOPLIST_KEY_UISupportedInterfaceOrientations_iPad = "UIInterfaceOrientationPortrait UIInterfaceOrientationPortraitUpsideDown UIInterfaceOrientationLandscapeLeft UIInterfaceOrientationLandscapeRight";
				INFOPLIST_KEY_UISupportedInterfaceOrientations_iPhone = "UIInterfaceOrientationPortrait UIInterfaceOrientationLandscapeLeft UIInterfaceOrientationLandscapeRight";
				LD_NO_PIE = NO;
				LD_RUNPATH_SEARCH_PATHS = (
					"$(inherited)",
					"@executable_path/Frameworks",
				);
				MARKETING_VERSION = 1.0;
				PRODUCT_BUNDLE_IDENTIFIER = Wangjie3119004841.JJWBirthdayWishes;
				PRODUCT_NAME = "$(TARGET_NAME)";
				SWIFT_EMIT_LOC_STRINGS = YES;
				SWIFT_VERSION = 5.0;
				TARGETED_DEVICE_FAMILY = "1,2";
			};
			name = Release;
		};
/* End XCBuildConfiguration section */

/* Begin XCConfigurationList section */
		D14B14A02820F6750084CF09 /* Build configuration list for PBXProject "JJWBirthdayWishes" */ = {
			isa = XCConfigurationList;
			buildConfigurations = (
				D14B14B72820F6750084CF09 /* Debug */,
				D14B14B82820F6750084CF09 /* Release */,
			);
			defaultConfigurationIsVisible = 0;
			defaultConfigurationName = Release;
		};
		D14B14B92820F6750084CF09 /* Build configuration list for PBXNativeTarget "JJWBirthdayWishes" */ = {
			isa = XCConfigurationList;
			buildConfigurations = (
				D14B14BA2820F6750084CF09 /* Debug */,
				D14B14BB2820F6750084CF09 /* Release */,
			);
			defaultConfigurationIsVisible = 0;
			defaultConfigurationName = Release;
		};
/* End XCConfigurationList section */
	};
	rootObject = D14B149D2820F6750084CF09 /* Project object */;
}
